
Microsoft Visual Studio Solution File, Format Version 12.00
# Visual Studio 15
VisualStudioVersion = 15.0.28306.52
MinimumVisualStudioVersion = 10.0.40219.1
Project("{FAE04EC0-301F-11D3-BF4B-00C04F79EFBC}") = "ConsoleApp1", "ConsoleApp1\ConsoleApp1.csproj", "{C256C031-4BF3-4398-8205-F73EE20B066D}"
EndProject
Global
	GlobalSection(SolutionConfigurationPlatforms) = preSolution
		Debug|Any CPU = Debug|Any CPU
		Release|Any CPU = Release|Any CPU
	EndGlobalSection
	GlobalSection(ProjectConfigurationPlatforms) = postSolution
		{C256C031-4BF3-4398-8205-F73EE20B066D}.Debug|Any CPU.ActiveCfg = Debug|Any CPU
		{C256C031-4BF3-4398-8205-F73EE20B066D}.Debug|Any CPU.Build.0 = Debug|Any CPU
		{C256C031-4BF3-4398-8205-F73EE20B066D}.Release|Any CPU.ActiveCfg = Release|Any CPU
		{C256C031-4BF3-4398-8205-F73EE20B066D}.Release|Any CPU.Build.0 = Release|Any CPU
	EndGlobalSection
	GlobalSection(SolutionProperties) = preSolution
		HideSolutionNode = FALSE
	EndGlobalSection
	GlobalSection(ExtensibilityGlobals) = postSolution
		SolutionGuid = {55C5873F-271C-46FA-B852-BEC9CCAC0642}
	EndGlobalSection
EndGlobal
